
Microsoft Visual Studio Solution File, Format Version 12.00
# Visual Studio Version 17
VisualStudioVersion = 17.0.31903.59
MinimumVisualStudioVersion = 10.0.40219.1
Project("{FAE04EC0-301F-11D3-BF4B-00C04F79EFBC}") = "ICT3101_Calculator.UnitTests", "ICT3101_Calculator.UnitTests\ICT3101_Calculator.UnitTests.csproj", "{B66A43F6-03CF-4559-A25E-C1A1B54A0357}"
EndProject
Project("{FAE04EC0-301F-11D3-BF4B-00C04F79EFBC}") = "ICT3101_Calculator", "ICT3101_Calculator\ICT3101_Calculator.csproj", "{DDCE5475-FBBA-45E5-835E-8C61E3999387}"
EndProject
Project("{FAE04EC0-301F-11D3-BF4B-00C04F79EFBC}") = "SpecFlowCalculatorTests", "SpecFlowCalculatorTests\SpecFlowCalculatorTests.csproj", "{C28A9885-1448-4172-9726-86F64AC4A70D}"
EndProject
Global
	GlobalSection(SolutionConfigurationPlatforms) = preSolution
		Debug|Any CPU = Debug|Any CPU
		Release|Any CPU = Release|Any CPU
	EndGlobalSection
	GlobalSection(SolutionProperties) = preSolution
		HideSolutionNode = FALSE
	EndGlobalSection
	GlobalSection(ProjectConfigurationPlatforms) = postSolution
		{B66A43F6-03CF-4559-A25E-C1A1B54A0357}.Debug|Any CPU.ActiveCfg = Debug|Any CPU
		{B66A43F6-03CF-4559-A25E-C1A1B54A0357}.Debug|Any CPU.Build.0 = Debug|Any CPU
		{B66A43F6-03CF-4559-A25E-C1A1B54A0357}.Release|Any CPU.ActiveCfg = Release|Any CPU
		{B66A43F6-03CF-4559-A25E-C1A1B54A0357}.Release|Any CPU.Build.0 = Release|Any CPU
		{DDCE5475-FBBA-45E5-835E-8C61E3999387}.Debug|Any CPU.ActiveCfg = Debug|Any CPU
		{DDCE5475-FBBA-45E5-835E-8C61E3999387}.Debug|Any CPU.Build.0 = Debug|Any CPU
		{DDCE5475-FBBA-45E5-835E-8C61E3999387}.Release|Any CPU.ActiveCfg = Release|Any CPU
		{DDCE5475-FBBA-45E5-835E-8C61E3999387}.Release|Any CPU.Build.0 = Release|Any CPU
		{C28A9885-1448-4172-9726-86F64AC4A70D}.Debug|Any CPU.ActiveCfg = Debug|Any CPU
		{C28A9885-1448-4172-9726-86F64AC4A70D}.Debug|Any CPU.Build.0 = Debug|Any CPU
		{C28A9885-1448-4172-9726-86F64AC4A70D}.Release|Any CPU.ActiveCfg = Release|Any CPU
		{C28A9885-1448-4172-9726-86F64AC4A70D}.Release|Any CPU.Build.0 = Release|Any CPU
	EndGlobalSection
EndGlobal
