
Microsoft Visual Studio Solution File, Format Version 12.00
# Visual Studio Version 17
VisualStudioVersion = 17.0.31903.59
MinimumVisualStudioVersion = 10.0.40219.1
Project("{FAE04EC0-301F-11D3-BF4B-00C04F79EFBC}") = "ICT3101_Calculator", "ICT3101_Calculator\ICT3101_Calculator.csproj", "{83A31666-3C8F-4923-8F72-43470FBCEBDC}"
EndProject
Project("{FAE04EC0-301F-11D3-BF4B-00C04F79EFBC}") = "ICT3101_Calculator.UnitTests", "ICT3101_Calculator.UnitTests\ICT3101_Calculator.UnitTests.csproj", "{7C3E9C86-D246-4285-8715-1DD5CC131D0B}"
EndProject
Global
	GlobalSection(SolutionProperties) = preSolution
		HideSolutionNode = FALSE
	EndGlobalSection
	GlobalSection(SolutionConfigurationPlatforms) = preSolution
		Debug|Any CPU = Debug|Any CPU
		Debug|x64 = Debug|x64
		Debug|x86 = Debug|x86
		Release|Any CPU = Release|Any CPU
		Release|x64 = Release|x64
		Release|x86 = Release|x86
	EndGlobalSection
	GlobalSection(ProjectConfigurationPlatforms) = postSolution
		{83A31666-3C8F-4923-8F72-43470FBCEBDC}.Debug|Any CPU.ActiveCfg = Debug|Any CPU
		{83A31666-3C8F-4923-8F72-43470FBCEBDC}.Debug|Any CPU.Build.0 = Debug|Any CPU
		{83A31666-3C8F-4923-8F72-43470FBCEBDC}.Debug|x64.ActiveCfg = Debug|Any CPU
		{83A31666-3C8F-4923-8F72-43470FBCEBDC}.Debug|x64.Build.0 = Debug|Any CPU
		{83A31666-3C8F-4923-8F72-43470FBCEBDC}.Debug|x86.ActiveCfg = Debug|Any CPU
		{83A31666-3C8F-4923-8F72-43470FBCEBDC}.Debug|x86.Build.0 = Debug|Any CPU
		{83A31666-3C8F-4923-8F72-43470FBCEBDC}.Release|Any CPU.ActiveCfg = Release|Any CPU
		{83A31666-3C8F-4923-8F72-43470FBCEBDC}.Release|Any CPU.Build.0 = Release|Any CPU
		{83A31666-3C8F-4923-8F72-43470FBCEBDC}.Release|x64.ActiveCfg = Release|Any CPU
		{83A31666-3C8F-4923-8F72-43470FBCEBDC}.Release|x64.Build.0 = Release|Any CPU
		{83A31666-3C8F-4923-8F72-43470FBCEBDC}.Release|x86.ActiveCfg = Release|Any CPU
		{83A31666-3C8F-4923-8F72-43470FBCEBDC}.Release|x86.Build.0 = Release|Any CPU
		{7C3E9C86-D246-4285-8715-1DD5CC131D0B}.Debug|Any CPU.ActiveCfg = Debug|Any CPU
		{7C3E9C86-D246-4285-8715-1DD5CC131D0B}.Debug|Any CPU.Build.0 = Debug|Any CPU
		{7C3E9C86-D246-4285-8715-1DD5CC131D0B}.Debug|x64.ActiveCfg = Debug|Any CPU
		{7C3E9C86-D246-4285-8715-1DD5CC131D0B}.Debug|x64.Build.0 = Debug|Any CPU
		{7C3E9C86-D246-4285-8715-1DD5CC131D0B}.Debug|x86.ActiveCfg = Debug|Any CPU
		{7C3E9C86-D246-4285-8715-1DD5CC131D0B}.Debug|x86.Build.0 = Debug|Any CPU
		{7C3E9C86-D246-4285-8715-1DD5CC131D0B}.Release|Any CPU.ActiveCfg = Release|Any CPU
		{7C3E9C86-D246-4285-8715-1DD5CC131D0B}.Release|Any CPU.Build.0 = Release|Any CPU
		{7C3E9C86-D246-4285-8715-1DD5CC131D0B}.Release|x64.ActiveCfg = Release|Any CPU
		{7C3E9C86-D246-4285-8715-1DD5CC131D0B}.Release|x64.Build.0 = Release|Any CPU
		{7C3E9C86-D246-4285-8715-1DD5CC131D0B}.Release|x86.ActiveCfg = Release|Any CPU
		{7C3E9C86-D246-4285-8715-1DD5CC131D0B}.Release|x86.Build.0 = Release|Any CPU
	EndGlobalSection
EndGlobal
